// !$*UTF8*$!
{
	archiveVersion = 1;
	classes = {
	};
	objectVersion = 77;
	objects = {

/* Begin PBXContainerItemProxy section */
		D15B86D72DEC3AE500DBC895 /* PBXContainerItemProxy */ = {
			isa = PBXContainerItemProxy;
			containerPortal = D15B86BF2DEC3ADD00DBC895 /* Project object */;
			proxyType = 1;
			remoteGlobalIDString = D15B86C62DEC3ADD00DBC895;
			remoteInfo = CafeManuscrit;
		};
		D15B86E12DEC3AE500DBC895 /* PBXContainerItemProxy */ = {
			isa = PBXContainerItemProxy;
			containerPortal = D15B86BF2DEC3ADD00DBC895 /* Project object */;
			proxyType = 1;
			remoteGlobalIDString = D15B86C62DEC3ADD00DBC895;
			remoteInfo = CafeManuscrit;
		};
/* End PBXContainerItemProxy section */

/* Begin PBXFileReference section */
		D15B86C72DEC3ADD00DBC895 /* CafeManuscrit.app */ = {isa = PBXFileReference; explicitFileType = wrapper.application; includeInIndex = 0; path = CafeManuscrit.app; sourceTree = BUILT_PRODUCTS_DIR; };
		D15B86D62DEC3AE500DBC895 /* CafeManuscritTests.xctest */ = {isa = PBXFileReference; explicitFileType = wrapper.cfbundle; includeInIndex = 0; path = CafeManuscritTests.xctest; sourceTree = BUILT_PRODUCTS_DIR; };
		D15B86E02DEC3AE500DBC895 /* CafeManuscritUITests.xctest */ = {isa = PBXFileReference; explicitFileType = wrapper.cfbundle; includeInIndex = 0; path = CafeManuscritUITests.xctest; sourceTree = BUILT_PRODUCTS_DIR; };
/* End PBXFileReference section */

/* Begin PBXFileSystemSynchronizedRootGroup section */
		D15B86C92DEC3ADD00DBC895 /* CafeManuscrit */ = {
			isa = PBXFileSystemSynchronizedRootGroup;
			path = CafeManuscrit;
			sourceTree = "<group>";
		};
		D15B86D92DEC3AE500DBC895 /* CafeManuscritTests */ = {
			isa = PBXFileSystemSynchronizedRootGroup;
			path = CafeManuscritTests;
			sourceTree = "<group>";
		};
		D15B86E32DEC3AE500DBC895 /* CafeManuscritUITests */ = {
			isa = PBXFileSystemSynchronizedRootGroup;
			path = CafeManuscritUITests;
			sourceTree = "<group>";
		};
/* End PBXFileSystemSynchronizedRootGroup section */

/* Begin PBXFrameworksBuildPhase section */
		D15B86C42DEC3ADD00DBC895 /* Frameworks */ = {
			isa = PBXFrameworksBuildPhase;
			buildActionMask = 2147483647;
			files = (
			);
			runOnlyForDeploymentPostprocessing = 0;
		};
		D15B86D32DEC3AE500DBC895 /* Frameworks */ = {
			isa = PBXFrameworksBuildPhase;
			buildActionMask = 2147483647;
			files = (
			);
			runOnlyForDeploymentPostprocessing = 0;
		};
		D15B86DD2DEC3AE500DBC895 /* Frameworks */ = {
			isa = PBXFrameworksBuildPhase;
			buildActionMask = 2147483647;
			files = (
			);
			runOnlyForDeploymentPostprocessing = 0;
		};
/* End PBXFrameworksBuildPhase section */

/* Begin PBXGroup section */
		D15B86BE2DEC3ADD00DBC895 = {
			isa = PBXGroup;
			children = (
				D15B86C92DEC3ADD00DBC895 /* CafeManuscrit */,
				D15B86D92DEC3AE500DBC895 /* CafeManuscritTests */,
				D15B86E32DEC3AE500DBC895 /* CafeManuscritUITests */,
				D15B86C82DEC3ADD00DBC895 /* Products */,
			);
			sourceTree = "<group>";
		};
		D15B86C82DEC3ADD00DBC895 /* Products */ = {
			isa = PBXGroup;
			children = (
				D15B86C72DEC3ADD00DBC895 /* CafeManuscrit.app */,
				D15B86D62DEC3AE500DBC895 /* CafeManuscritTests.xctest */,
				D15B86E02DEC3AE500DBC895 /* CafeManuscritUITests.xctest */,
			);
			name = Products;
			sourceTree = "<group>";
		};
/* End PBXGroup section */

/* Begin PBXNativeTarget section */
		D15B86C62DEC3ADD00DBC895 /* CafeManuscrit */ = {
			isa = PBXNativeTarget;
			buildConfigurationList = D15B86EA2DEC3AE500DBC895 /* Build configuration list for PBXNativeTarget "CafeManuscrit" */;
			buildPhases = (
				D15B86C32DEC3ADD00DBC895 /* Sources */,
				D15B86C42DEC3ADD00DBC895 /* Frameworks */,
				D15B86C52DEC3ADD00DBC895 /* Resources */,
			);
			buildRules = (
			);
			dependencies = (
			);
			fileSystemSynchronizedGroups = (
				D15B86C92DEC3ADD00DBC895 /* CafeManuscrit */,
			);
			name = CafeManuscrit;
			packageProductDependencies = (
			);
			productName = CafeManuscrit;
			productReference = D15B86C72DEC3ADD00DBC895 /* CafeManuscrit.app */;
			productType = "com.apple.product-type.application";
		};
		D15B86D52DEC3AE500DBC895 /* CafeManuscritTests */ = {
			isa = PBXNativeTarget;
			buildConfigurationList = D15B86ED2DEC3AE500DBC895 /* Build configuration list for PBXNativeTarget "CafeManuscritTests" */;
			buildPhases = (
				D15B86D22DEC3AE500DBC895 /* Sources */,
				D15B86D32DEC3AE500DBC895 /* Frameworks */,
				D15B86D42DEC3AE500DBC895 /* Resources */,
			);
			buildRules = (
			);
			dependencies = (
				D15B86D82DEC3AE500DBC895 /* PBXTargetDependency */,
			);
			fileSystemSynchronizedGroups = (
				D15B86D92DEC3AE500DBC895 /* CafeManuscritTests */,
			);
			name = CafeManuscritTests;
			packageProductDependencies = (
			);
			productName = CafeManuscritTests;
			productReference = D15B86D62DEC3AE500DBC895 /* CafeManuscritTests.xctest */;
			productType = "com.apple.product-type.bundle.unit-test";
		};
		D15B86DF2DEC3AE500DBC895 /* CafeManuscritUITests */ = {
			isa = PBXNativeTarget;
			buildConfigurationList = D15B86F02DEC3AE500DBC895 /* Build configuration list for PBXNativeTarget "CafeManuscritUITests" */;
			buildPhases = (
				D15B86DC2DEC3AE500DBC895 /* Sources */,
				D15B86DD2DEC3AE500DBC895 /* Frameworks */,
				D15B86DE2DEC3AE500DBC895 /* Resources */,
			);
			buildRules = (
			);
			dependencies = (
				D15B86E22DEC3AE500DBC895 /* PBXTargetDependency */,
			);
			fileSystemSynchronizedGroups = (
				D15B86E32DEC3AE500DBC895 /* CafeManuscritUITests */,
			);
			name = CafeManuscritUITests;
			packageProductDependencies = (
			);
			productName = CafeManuscritUITests;
			productReference = D15B86E02DEC3AE500DBC895 /* CafeManuscritUITests.xctest */;
			productType = "com.apple.product-type.bundle.ui-testing";
		};
/* End PBXNativeTarget section */

/* Begin PBXProject section */
		D15B86BF2DEC3ADD00DBC895 /* Project object */ = {
			isa = PBXProject;
			attributes = {
				BuildIndependentTargetsInParallel = 1;
				LastSwiftUpdateCheck = 1640;
				LastUpgradeCheck = 1640;
				TargetAttributes = {
					D15B86C62DEC3ADD00DBC895 = {
						CreatedOnToolsVersion = 16.4;
					};
					D15B86D52DEC3AE500DBC895 = {
						CreatedOnToolsVersion = 16.4;
						TestTargetID = D15B86C62DEC3ADD00DBC895;
					};
					D15B86DF2DEC3AE500DBC895 = {
						CreatedOnToolsVersion = 16.4;
						TestTargetID = D15B86C62DEC3ADD00DBC895;
					};
				};
			};
			buildConfigurationList = D15B86C22DEC3ADD00DBC895 /* Build configuration list for PBXProject "CafeManuscrit" */;
			developmentRegion = en;
			hasScannedForEncodings = 0;
			knownRegions = (
				en,
				Base,
			);
			mainGroup = D15B86BE2DEC3ADD00DBC895;
			minimizedProjectReferenceProxies = 1;
			preferredProjectObjectVersion = 77;
			productRefGroup = D15B86C82DEC3ADD00DBC895 /* Products */;
			projectDirPath = "";
			projectRoot = "";
			targets = (
				D15B86C62DEC3ADD00DBC895 /* CafeManuscrit */,
				D15B86D52DEC3AE500DBC895 /* CafeManuscritTests */,
				D15B86DF2DEC3AE500DBC895 /* CafeManuscritUITests */,
			);
		};
/* End PBXProject section */

/* Begin PBXResourcesBuildPhase section */
		D15B86C52DEC3ADD00DBC895 /* Resources */ = {
			isa = PBXResourcesBuildPhase;
			buildActionMask = 2147483647;
			files = (
			);
			runOnlyForDeploymentPostprocessing = 0;
		};
		D15B86D42DEC3AE500DBC895 /* Resources */ = {
			isa = PBXResourcesBuildPhase;
			buildActionMask = 2147483647;
			files = (
			);
			runOnlyForDeploymentPostprocessing = 0;
		};
		D15B86DE2DEC3AE500DBC895 /* Resources */ = {
			isa = PBXResourcesBuildPhase;
			buildActionMask = 2147483647;
			files = (
			);
			runOnlyForDeploymentPostprocessing = 0;
		};
/* End PBXResourcesBuildPhase section */

/* Begin PBXSourcesBuildPhase section */
		D15B86C32DEC3ADD00DBC895 /* Sources */ = {
			isa = PBXSourcesBuildPhase;
			buildActionMask = 2147483647;
			files = (
			);
			runOnlyForDeploymentPostprocessing = 0;
		};
		D15B86D22DEC3AE500DBC895 /* Sources */ = {
			isa = PBXSourcesBuildPhase;
			buildActionMask = 2147483647;
			files = (
			);
			runOnlyForDeploymentPostprocessing = 0;
		};
		D15B86DC2DEC3AE500DBC895 /* Sources */ = {
			isa = PBXSourcesBuildPhase;
			buildActionMask = 2147483647;
			files = (
			);
			runOnlyForDeploymentPostprocessing = 0;
		};
/* End PBXSourcesBuildPhase section */

/* Begin PBXTargetDependency section */
		D15B86D82DEC3AE500DBC895 /* PBXTargetDependency */ = {
			isa = PBXTargetDependency;
			target = D15B86C62DEC3ADD00DBC895 /* CafeManuscrit */;
			targetProxy = D15B86D72DEC3AE500DBC895 /* PBXContainerItemProxy */;
		};
		D15B86E22DEC3AE500DBC895 /* PBXTargetDependency */ = {
			isa = PBXTargetDependency;
			target = D15B86C62DEC3ADD00DBC895 /* CafeManuscrit */;
			targetProxy = D15B86E12DEC3AE500DBC895 /* PBXContainerItemProxy */;
		};
/* End PBXTargetDependency section */

/* Begin XCBuildConfiguration section */
		D15B86E82DEC3AE500DBC895 /* Debug */ = {
			isa = XCBuildConfiguration;
			buildSettings = {
				ALWAYS_SEARCH_USER_PATHS = NO;
				ASSETCATALOG_COMPILER_GENERATE_SWIFT_ASSET_SYMBOL_EXTENSIONS = YES;
				CLANG_ANALYZER_NONNULL = YES;
				CLANG_ANALYZER_NUMBER_OBJECT_CONVERSION = YES_AGGRESSIVE;
				CLANG_CXX_LANGUAGE_STANDARD = "gnu++20";
				CLANG_ENABLE_MODULES = YES;
				CLANG_ENABLE_OBJC_ARC = YES;
				CLANG_ENABLE_OBJC_WEAK = YES;
				CLANG_WARN_BLOCK_CAPTURE_AUTORELEASING = YES;
				CLANG_WARN_BOOL_CONVERSION = YES;
				CLANG_WARN_COMMA = YES;
				CLANG_WARN_CONSTANT_CONVERSION = YES;
				CLANG_WARN_DEPRECATED_OBJC_IMPLEMENTATIONS = YES;
				CLANG_WARN_DIRECT_OBJC_ISA_USAGE = YES_ERROR;
				CLANG_WARN_DOCUMENTATION_COMMENTS = YES;
				CLANG_WARN_EMPTY_BODY = YES;
				CLANG_WARN_ENUM_CONVERSION = YES;
				CLANG_WARN_INFINITE_RECURSION = YES;
				CLANG_WARN_INT_CONVERSION = YES;
				CLANG_WARN_NON_LITERAL_NULL_CONVERSION = YES;
				CLANG_WARN_OBJC_IMPLICIT_RETAIN_SELF = YES;
				CLANG_WARN_OBJC_LITERAL_CONVERSION = YES;
				CLANG_WARN_OBJC_ROOT_CLASS = YES_ERROR;
				CLANG_WARN_QUOTED_INCLUDE_IN_FRAMEWORK_HEADER = YES;
				CLANG_WARN_RANGE_LOOP_ANALYSIS = YES;
				CLANG_WARN_STRICT_PROTOTYPES = YES;
				CLANG_WARN_SUSPICIOUS_MOVE = YES;
				CLANG_WARN_UNGUARDED_AVAILABILITY = YES_AGGRESSIVE;
				CLANG_WARN_UNREACHABLE_CODE = YES;
				CLANG_WARN__DUPLICATE_METHOD_MATCH = YES;
				COPY_PHASE_STRIP = NO;
				DEBUG_INFORMATION_FORMAT = dwarf;
				DEVELOPMENT_TEAM = GM2R66JXTR;
				ENABLE_STRICT_OBJC_MSGSEND = YES;
				ENABLE_TESTABILITY = YES;
				ENABLE_USER_SCRIPT_SANDBOXING = YES;
				GCC_C_LANGUAGE_STANDARD = gnu17;
				GCC_DYNAMIC_NO_PIC = NO;
				GCC_NO_COMMON_BLOCKS = YES;
				GCC_OPTIMIZATION_LEVEL = 0;
				GCC_PREPROCESSOR_DEFINITIONS = (
					"DEBUG=1",
					"$(inherited)",
				);
				GCC_WARN_64_TO_32_BIT_CONVERSION = YES;
				GCC_WARN_ABOUT_RETURN_TYPE = YES_ERROR;
				GCC_WARN_UNDECLARED_SELECTOR = YES;
				GCC_WARN_UNINITIALIZED_AUTOS = YES_AGGRESSIVE;
				GCC_WARN_UNUSED_FUNCTION = YES;
				GCC_WARN_UNUSED_VARIABLE = YES;
				IPHONEOS_DEPLOYMENT_TARGET = 18.5;
				LOCALIZATION_PREFERS_STRING_CATALOGS = YES;
				MTL_ENABLE_DEBUG_INFO = INCLUDE_SOURCE;
				MTL_FAST_MATH = YES;
				ONLY_ACTIVE_ARCH = YES;
				SDKROOT = iphoneos;
				SWIFT_ACTIVE_COMPILATION_CONDITIONS = "DEBUG $(inherited)";
				SWIFT_OPTIMIZATION_LEVEL = "-Onone";
			};
			name = Debug;
		};
		D15B86E92DEC3AE500DBC895 /* Release */ = {
			isa = XCBuildConfiguration;
			buildSettings = {
				ALWAYS_SEARCH_USER_PATHS = NO;
				ASSETCATALOG_COMPILER_GENERATE_SWIFT_ASSET_SYMBOL_EXTENSIONS = YES;
				CLANG_ANALYZER_NONNULL = YES;
				CLANG_ANALYZER_NUMBER_OBJECT_CONVERSION = YES_AGGRESSIVE;
				CLANG_CXX_LANGUAGE_STANDARD = "gnu++20";
				CLANG_ENABLE_MODULES = YES;
				CLANG_ENABLE_OBJC_ARC = YES;
				CLANG_ENABLE_OBJC_WEAK = YES;
				CLANG_WARN_BLOCK_CAPTURE_AUTORELEASING = YES;
				CLANG_WARN_BOOL_CONVERSION = YES;
				CLANG_WARN_COMMA = YES;
				CLANG_WARN_CONSTANT_CONVERSION = YES;
				CLANG_WARN_DEPRECATED_OBJC_IMPLEMENTATIONS = YES;
				CLANG_WARN_DIRECT_OBJC_ISA_USAGE = YES_ERROR;
				CLANG_WARN_DOCUMENTATION_COMMENTS = YES;
				CLANG_WARN_EMPTY_BODY = YES;
				CLANG_WARN_ENUM_CONVERSION = YES;
				CLANG_WARN_INFINITE_RECURSION = YES;
				CLANG_WARN_INT_CONVERSION = YES;
				CLANG_WARN_NON_LITERAL_NULL_CONVERSION = YES;
				CLANG_WARN_OBJC_IMPLICIT_RETAIN_SELF = YES;
				CLANG_WARN_OBJC_LITERAL_CONVERSION = YES;
				CLANG_WARN_OBJC_ROOT_CLASS = YES_ERROR;
				CLANG_WARN_QUOTED_INCLUDE_IN_FRAMEWORK_HEADER = YES;
				CLANG_WARN_RANGE_LOOP_ANALYSIS = YES;
				CLANG_WARN_STRICT_PROTOTYPES = YES;
				CLANG_WARN_SUSPICIOUS_MOVE = YES;
				CLANG_WARN_UNGUARDED_AVAILABILITY = YES_AGGRESSIVE;
				CLANG_WARN_UNREACHABLE_CODE = YES;
				CLANG_WARN__DUPLICATE_METHOD_MATCH = YES;
				COPY_PHASE_STRIP = NO;
				DEBUG_INFORMATION_FORMAT = "dwarf-with-dsym";
				DEVELOPMENT_TEAM = GM2R66JXTR;
				ENABLE_NS_ASSERTIONS = NO;
				ENABLE_STRICT_OBJC_MSGSEND = YES;
				ENABLE_USER_SCRIPT_SANDBOXING = YES;
				GCC_C_LANGUAGE_STANDARD = gnu17;
				GCC_NO_COMMON_BLOCKS = YES;
				GCC_WARN_64_TO_32_BIT_CONVERSION = YES;
				GCC_WARN_ABOUT_RETURN_TYPE = YES_ERROR;
				GCC_WARN_UNDECLARED_SELECTOR = YES;
				GCC_WARN_UNINITIALIZED_AUTOS = YES_AGGRESSIVE;
				GCC_WARN_UNUSED_FUNCTION = YES;
				GCC_WARN_UNUSED_VARIABLE = YES;
				IPHONEOS_DEPLOYMENT_TARGET = 18.5;
				LOCALIZATION_PREFERS_STRING_CATALOGS = YES;
				MTL_ENABLE_DEBUG_INFO = NO;
				MTL_FAST_MATH = YES;
				SDKROOT = iphoneos;
				SWIFT_COMPILATION_MODE = wholemodule;
				VALIDATE_PRODUCT = YES;
			};
			name = Release;
		};
		D15B86EB2DEC3AE500DBC895 /* Debug */ = {
			isa = XCBuildConfiguration;
			buildSettings = {
				ASSETCATALOG_COMPILER_APPICON_NAME = AppIcon;
				ASSETCATALOG_COMPILER_GLOBAL_ACCENT_COLOR_NAME = AccentColor;
				CODE_SIGN_STYLE = Automatic;
				CURRENT_PROJECT_VERSION = 1;
				DEVELOPMENT_TEAM = GM2R66JXTR;
				ENABLE_PREVIEWS = YES;
				GENERATE_INFOPLIST_FILE = YES;
				INFOPLIST_KEY_UIApplicationSceneManifest_Generation = YES;
				INFOPLIST_KEY_UIApplicationSupportsIndirectInputEvents = YES;
				INFOPLIST_KEY_UILaunchScreen_Generation = YES;
				INFOPLIST_KEY_UISupportedInterfaceOrientations_iPad = "UIInterfaceOrientationPortrait UIInterfaceOrientationPortraitUpsideDown UIInterfaceOrientationLandscapeLeft UIInterfaceOrientationLandscapeRight";
				INFOPLIST_KEY_UISupportedInterfaceOrientations_iPhone = "UIInterfaceOrientationPortrait UIInterfaceOrientationLandscapeLeft UIInterfaceOrientationLandscapeRight";
				LD_RUNPATH_SEARCH_PATHS = (
					"$(inherited)",
					"@executable_path/Frameworks",
				);
				MARKETING_VERSION = 1.0;
				PRODUCT_BUNDLE_IDENTIFIER = kojaemin.CafeManuscrit;
				PRODUCT_NAME = "$(TARGET_NAME)";
				SWIFT_EMIT_LOC_STRINGS = YES;
				SWIFT_VERSION = 5.0;
				TARGETED_DEVICE_FAMILY = "1,2";
			};
			name = Debug;
		};
		D15B86EC2DEC3AE500DBC895 /* Release */ = {
			isa = XCBuildConfiguration;
			buildSettings = {
				ASSETCATALOG_COMPILER_APPICON_NAME = AppIcon;
				ASSETCATALOG_COMPILER_GLOBAL_ACCENT_COLOR_NAME = AccentColor;
				CODE_SIGN_STYLE = Automatic;
				CURRENT_PROJECT_VERSION = 1;
				DEVELOPMENT_TEAM = GM2R66JXTR;
				ENABLE_PREVIEWS = YES;
				GENERATE_INFOPLIST_FILE = YES;
				INFOPLIST_KEY_UIApplicationSceneManifest_Generation = YES;
				INFOPLIST_KEY_UIApplicationSupportsIndirectInputEvents = YES;
				INFOPLIST_KEY_UILaunchScreen_Generation = YES;
				INFOPLIST_KEY_UISupportedInterfaceOrientations_iPad = "UIInterfaceOrientationPortrait UIInterfaceOrientationPortraitUpsideDown UIInterfaceOrientationLandscapeLeft UIInterfaceOrientationLandscapeRight";
				INFOPLIST_KEY_UISupportedInterfaceOrientations_iPhone = "UIInterfaceOrientationPortrait UIInterfaceOrientationLandscapeLeft UIInterfaceOrientationLandscapeRight";
				LD_RUNPATH_SEARCH_PATHS = (
					"$(inherited)",
					"@executable_path/Frameworks",
				);
				MARKETING_VERSION = 1.0;
				PRODUCT_BUNDLE_IDENTIFIER = kojaemin.CafeManuscrit;
				PRODUCT_NAME = "$(TARGET_NAME)";
				SWIFT_EMIT_LOC_STRINGS = YES;
				SWIFT_VERSION = 5.0;
				TARGETED_DEVICE_FAMILY = "1,2";
			};
			name = Release;
		};
		D15B86EE2DEC3AE500DBC895 /* Debug */ = {
			isa = XCBuildConfiguration;
			buildSettings = {
				BUNDLE_LOADER = "$(TEST_HOST)";
				CODE_SIGN_STYLE = Automatic;
				CURRENT_PROJECT_VERSION = 1;
				DEVELOPMENT_TEAM = GM2R66JXTR;
				GENERATE_INFOPLIST_FILE = YES;
				IPHONEOS_DEPLOYMENT_TARGET = 18.5;
				MARKETING_VERSION = 1.0;
				PRODUCT_BUNDLE_IDENTIFIER = kojaemin.CafeManuscritTests;
				PRODUCT_NAME = "$(TARGET_NAME)";
				SWIFT_EMIT_LOC_STRINGS = NO;
				SWIFT_VERSION = 5.0;
				TARGETED_DEVICE_FAMILY = "1,2";
				TEST_HOST = "$(BUILT_PRODUCTS_DIR)/CafeManuscrit.app/$(BUNDLE_EXECUTABLE_FOLDER_PATH)/CafeManuscrit";
			};
			name = Debug;
		};
		D15B86EF2DEC3AE500DBC895 /* Release */ = {
			isa = XCBuildConfiguration;
			buildSettings = {
				BUNDLE_LOADER = "$(TEST_HOST)";
				CODE_SIGN_STYLE = Automatic;
				CURRENT_PROJECT_VERSION = 1;
				DEVELOPMENT_TEAM = GM2R66JXTR;
				GENERATE_INFOPLIST_FILE = YES;
				IPHONEOS_DEPLOYMENT_TARGET = 18.5;
				MARKETING_VERSION = 1.0;
				PRODUCT_BUNDLE_IDENTIFIER = kojaemin.CafeManuscritTests;
				PRODUCT_NAME = "$(TARGET_NAME)";
				SWIFT_EMIT_LOC_STRINGS = NO;
				SWIFT_VERSION = 5.0;
				TARGETED_DEVICE_FAMILY = "1,2";
				TEST_HOST = "$(BUILT_PRODUCTS_DIR)/CafeManuscrit.app/$(BUNDLE_EXECUTABLE_FOLDER_PATH)/CafeManuscrit";
			};
			name = Release;
		};
		D15B86F12DEC3AE500DBC895 /* Debug */ = {
			isa = XCBuildConfiguration;
			buildSettings = {
				CODE_SIGN_STYLE = Automatic;
				CURRENT_PROJECT_VERSION = 1;
				DEVELOPMENT_TEAM = GM2R66JXTR;
				GENERATE_INFOPLIST_FILE = YES;
				MARKETING_VERSION = 1.0;
				PRODUCT_BUNDLE_IDENTIFIER = kojaemin.CafeManuscritUITests;
				PRODUCT_NAME = "$(TARGET_NAME)";
				SWIFT_EMIT_LOC_STRINGS = NO;
				SWIFT_VERSION = 5.0;
				TARGETED_DEVICE_FAMILY = "1,2";
				TEST_TARGET_NAME = CafeManuscrit;
			};
			name = Debug;
		};
		D15B86F22DEC3AE500DBC895 /* Release */ = {
			isa = XCBuildConfiguration;
			buildSettings = {
				CODE_SIGN_STYLE = Automatic;
				CURRENT_PROJECT_VERSION = 1;
				DEVELOPMENT_TEAM = GM2R66JXTR;
				GENERATE_INFOPLIST_FILE = YES;
				MARKETING_VERSION = 1.0;
				PRODUCT_BUNDLE_IDENTIFIER = kojaemin.CafeManuscritUITests;
				PRODUCT_NAME = "$(TARGET_NAME)";
				SWIFT_EMIT_LOC_STRINGS = NO;
				SWIFT_VERSION = 5.0;
				TARGETED_DEVICE_FAMILY = "1,2";
				TEST_TARGET_NAME = CafeManuscrit;
			};
			name = Release;
		};
/* End XCBuildConfiguration section */

/* Begin XCConfigurationList section */
		D15B86C22DEC3ADD00DBC895 /* Build configuration list for PBXProject "CafeManuscrit" */ = {
			isa = XCConfigurationList;
			buildConfigurations = (
				D15B86E82DEC3AE500DBC895 /* Debug */,
				D15B86E92DEC3AE500DBC895 /* Release */,
			);
			defaultConfigurationIsVisible = 0;
			defaultConfigurationName = Release;
		};
		D15B86EA2DEC3AE500DBC895 /* Build configuration list for PBXNativeTarget "CafeManuscrit" */ = {
			isa = XCConfigurationList;
			buildConfigurations = (
				D15B86EB2DEC3AE500DBC895 /* Debug */,
				D15B86EC2DEC3AE500DBC895 /* Release */,
			);
			defaultConfigurationIsVisible = 0;
			defaultConfigurationName = Release;
		};
		D15B86ED2DEC3AE500DBC895 /* Build configuration list for PBXNativeTarget "CafeManuscritTests" */ = {
			isa = XCConfigurationList;
			buildConfigurations = (
				D15B86EE2DEC3AE500DBC895 /* Debug */,
				D15B86EF2DEC3AE500DBC895 /* Release */,
			);
			defaultConfigurationIsVisible = 0;
			defaultConfigurationName = Release;
		};
		D15B86F02DEC3AE500DBC895 /* Build configuration list for PBXNativeTarget "CafeManuscritUITests" */ = {
			isa = XCConfigurationList;
			buildConfigurations = (
				D15B86F12DEC3AE500DBC895 /* Debug */,
				D15B86F22DEC3AE500DBC895 /* Release */,
			);
			defaultConfigurationIsVisible = 0;
			defaultConfigurationName = Release;
		};
/* End XCConfigurationList section */
	};
	rootObject = D15B86BF2DEC3ADD00DBC895 /* Project object */;
}
